
Microsoft Visual Studio Solution File, Format Version 12.00
# Visual Studio 14
VisualStudioVersion = 14.0.24720.0
MinimumVisualStudioVersion = 10.0.40219.1
Project("{FAE04EC0-301F-11D3-BF4B-00C04F79EFBC}") = "MatrixAreForKids", "Matrix\MatrixAreForKids.csproj", "{2699548C-E727-40ED-A0CD-F196C7E57357}"
EndProject
Project("{FAE04EC0-301F-11D3-BF4B-00C04F79EFBC}") = "MatrixTest", "MatrixTest\MatrixTest.csproj", "{5A4219CB-4CC5-4146-9DF7-170FDD5EFA63}"
EndProject
Global
	GlobalSection(SolutionConfigurationPlatforms) = preSolution
		Debug|Any CPU = Debug|Any CPU
		Release|Any CPU = Release|Any CPU
	EndGlobalSection
	GlobalSection(ProjectConfigurationPlatforms) = postSolution
		{2699548C-E727-40ED-A0CD-F196C7E57357}.Debug|Any CPU.ActiveCfg = Debug|Any CPU
		{2699548C-E727-40ED-A0CD-F196C7E57357}.Debug|Any CPU.Build.0 = Debug|Any CPU
		{2699548C-E727-40ED-A0CD-F196C7E57357}.Release|Any CPU.ActiveCfg = Release|Any CPU
		{2699548C-E727-40ED-A0CD-F196C7E57357}.Release|Any CPU.Build.0 = Release|Any CPU
		{5A4219CB-4CC5-4146-9DF7-170FDD5EFA63}.Debug|Any CPU.ActiveCfg = Debug|Any CPU
		{5A4219CB-4CC5-4146-9DF7-170FDD5EFA63}.Debug|Any CPU.Build.0 = Debug|Any CPU
		{5A4219CB-4CC5-4146-9DF7-170FDD5EFA63}.Release|Any CPU.ActiveCfg = Release|Any CPU
		{5A4219CB-4CC5-4146-9DF7-170FDD5EFA63}.Release|Any CPU.Build.0 = Release|Any CPU
	EndGlobalSection
	GlobalSection(SolutionProperties) = preSolution
		HideSolutionNode = FALSE
	EndGlobalSection
EndGlobal
